
Microsoft Visual Studio Solution File, Format Version 12.00
# Visual Studio Version 17
VisualStudioVersion = 17.0.31903.59
MinimumVisualStudioVersion = 10.0.40219.1
Project("{2150E333-8FDC-42A3-9474-1A3956D46DE8}") = "src", "src", "{6DF32F5A-CFE6-43F6-BEFB-A5085744D334}"
EndProject
Project("{FAE04EC0-301F-11D3-BF4B-00C04F79EFBC}") = "SkyRus.Site", "src\SkyRus.Site\SkyRus.Site.csproj", "{8C6720C8-5B01-4C76-A9CA-19B638BEC4F3}"
EndProject
Project("{2150E333-8FDC-42A3-9474-1A3956D46DE8}") = "tests", "tests", "{1F7136B3-0008-4EDE-BA51-F9CEF7D27B6D}"
EndProject
Project("{FAE04EC0-301F-11D3-BF4B-00C04F79EFBC}") = "SkyRus.Site.Tests", "tests\SkyRus.Site.Tests\SkyRus.Site.Tests.csproj", "{9D2429D7-820F-4C26-BA25-D7ACFD8653C5}"
EndProject
Global
	GlobalSection(SolutionConfigurationPlatforms) = preSolution
		Debug|Any CPU = Debug|Any CPU
		Release|Any CPU = Release|Any CPU
	EndGlobalSection
	GlobalSection(SolutionProperties) = preSolution
		HideSolutionNode = FALSE
	EndGlobalSection
	GlobalSection(ProjectConfigurationPlatforms) = postSolution
		{8C6720C8-5B01-4C76-A9CA-19B638BEC4F3}.Debug|Any CPU.ActiveCfg = Debug|Any CPU
		{8C6720C8-5B01-4C76-A9CA-19B638BEC4F3}.Debug|Any CPU.Build.0 = Debug|Any CPU
		{8C6720C8-5B01-4C76-A9CA-19B638BEC4F3}.Release|Any CPU.ActiveCfg = Release|Any CPU
		{8C6720C8-5B01-4C76-A9CA-19B638BEC4F3}.Release|Any CPU.Build.0 = Release|Any CPU
		{9D2429D7-820F-4C26-BA25-D7ACFD8653C5}.Debug|Any CPU.ActiveCfg = Debug|Any CPU
		{9D2429D7-820F-4C26-BA25-D7ACFD8653C5}.Debug|Any CPU.Build.0 = Debug|Any CPU
		{9D2429D7-820F-4C26-BA25-D7ACFD8653C5}.Release|Any CPU.ActiveCfg = Release|Any CPU
		{9D2429D7-820F-4C26-BA25-D7ACFD8653C5}.Release|Any CPU.Build.0 = Release|Any CPU
	EndGlobalSection
	GlobalSection(NestedProjects) = preSolution
		{8C6720C8-5B01-4C76-A9CA-19B638BEC4F3} = {6DF32F5A-CFE6-43F6-BEFB-A5085744D334}
		{9D2429D7-820F-4C26-BA25-D7ACFD8653C5} = {1F7136B3-0008-4EDE-BA51-F9CEF7D27B6D}
	EndGlobalSection
EndGlobal
